
Microsoft Visual Studio Solution File, Format Version 12.00
# Visual Studio Version 16
VisualStudioVersion = 16.0.31729.503
MinimumVisualStudioVersion = 10.0.40219.1
Project("{FAE04EC0-301F-11D3-BF4B-00C04F79EFBC}") = "Gadget", "Gadget.csproj", "{0436AABB-7F6E-4053-9D4E-5399185A70AC}"
EndProject
Global
	GlobalSection(SolutionConfigurationPlatforms) = preSolution
		Debug|Any CPU = Debug|Any CPU
		Release|Any CPU = Release|Any CPU
	EndGlobalSection
	GlobalSection(ProjectConfigurationPlatforms) = postSolution
		{0436AABB-7F6E-4053-9D4E-5399185A70AC}.Debug|Any CPU.ActiveCfg = Debug|Any CPU
		{0436AABB-7F6E-4053-9D4E-5399185A70AC}.Debug|Any CPU.Build.0 = Debug|Any CPU
		{0436AABB-7F6E-4053-9D4E-5399185A70AC}.Release|Any CPU.ActiveCfg = Release|Any CPU
		{0436AABB-7F6E-4053-9D4E-5399185A70AC}.Release|Any CPU.Build.0 = Release|Any CPU
	EndGlobalSection
	GlobalSection(SolutionProperties) = preSolution
		HideSolutionNode = FALSE
	EndGlobalSection
	GlobalSection(ExtensibilityGlobals) = postSolution
		SolutionGuid = {40CED369-09FC-4E1C-8F3B-2FC274F08DEC}
	EndGlobalSection
EndGlobal
